
Microsoft Visual Studio Solution File, Format Version 12.00
# Visual Studio Version 17
VisualStudioVersion = 17.2.32630.192
MinimumVisualStudioVersion = 10.0.40219.1
Project("{FAE04EC0-301F-11D3-BF4B-00C04F79EFBC}") = "AnimationDrawer", "AnimationDrawer.csproj", "{BF17677A-1785-4128-9B1C-8BA922B3EBC4}"
EndProject
Global
	GlobalSection(SolutionConfigurationPlatforms) = preSolution
		Debug|Any CPU = Debug|Any CPU
		Release|Any CPU = Release|Any CPU
	EndGlobalSection
	GlobalSection(ProjectConfigurationPlatforms) = postSolution
		{BF17677A-1785-4128-9B1C-8BA922B3EBC4}.Debug|Any CPU.ActiveCfg = Debug|Any CPU
		{BF17677A-1785-4128-9B1C-8BA922B3EBC4}.Debug|Any CPU.Build.0 = Debug|Any CPU
		{BF17677A-1785-4128-9B1C-8BA922B3EBC4}.Release|Any CPU.ActiveCfg = Release|Any CPU
		{BF17677A-1785-4128-9B1C-8BA922B3EBC4}.Release|Any CPU.Build.0 = Release|Any CPU
	EndGlobalSection
	GlobalSection(SolutionProperties) = preSolution
		HideSolutionNode = FALSE
	EndGlobalSection
	GlobalSection(ExtensibilityGlobals) = postSolution
		SolutionGuid = {0D08C836-A68A-44CE-ACB6-C1F6E085DD9D}
	EndGlobalSection
EndGlobal
