
Microsoft Visual Studio Solution File, Format Version 12.00
# Visual Studio Version 17
VisualStudioVersion = 17.2.32630.192
MinimumVisualStudioVersion = 10.0.40219.1
Project("{9A19103F-16F7-4668-BE54-9A1E7A4F7556}") = "AnimationDrawer", "AnimationDrawer\AnimationDrawer.csproj", "{BD8AA37F-CF60-46DA-AAC0-256584EC199E}"
EndProject
Project("{C7167F0D-BC9F-4E6E-AFE1-012C56B48DB5}") = "AnimationDrawer.Package", "AnimationDrawer.Package\AnimationDrawer.Package.wapproj", "{E0BD6CE4-3B97-4B02-B854-8B3596693B60}"
EndProject
Project("{9A19103F-16F7-4668-BE54-9A1E7A4F7556}") = "PuranLai.Algorithm", "..\PuranLai\PuranLai.Algorithm\PuranLai.Algorithm.csproj", "{E1B63EC8-1C39-4D7C-B841-3E1BF35815DA}"
EndProject
Project("{9A19103F-16F7-4668-BE54-9A1E7A4F7556}") = "PuranLai.Tools", "..\PuranLai\PuranLai.Tools\PuranLai.Tools.csproj", "{FB2775DD-B84B-4C9F-B0E7-68B6E165B8DF}"
EndProject
Global
	GlobalSection(SolutionConfigurationPlatforms) = preSolution
		Debug|Any CPU = Debug|Any CPU
		Debug|ARM = Debug|ARM
		Debug|ARM64 = Debug|ARM64
		Debug|x64 = Debug|x64
		Debug|x86 = Debug|x86
		Release|Any CPU = Release|Any CPU
		Release|ARM = Release|ARM
		Release|ARM64 = Release|ARM64
		Release|x64 = Release|x64
		Release|x86 = Release|x86
	EndGlobalSection
	GlobalSection(ProjectConfigurationPlatforms) = postSolution
		{BD8AA37F-CF60-46DA-AAC0-256584EC199E}.Debug|Any CPU.ActiveCfg = Debug|Any CPU
		{BD8AA37F-CF60-46DA-AAC0-256584EC199E}.Debug|Any CPU.Build.0 = Debug|Any CPU
		{BD8AA37F-CF60-46DA-AAC0-256584EC199E}.Debug|ARM.ActiveCfg = Debug|Any CPU
		{BD8AA37F-CF60-46DA-AAC0-256584EC199E}.Debug|ARM.Build.0 = Debug|Any CPU
		{BD8AA37F-CF60-46DA-AAC0-256584EC199E}.Debug|ARM64.ActiveCfg = Debug|Any CPU
		{BD8AA37F-CF60-46DA-AAC0-256584EC199E}.Debug|ARM64.Build.0 = Debug|Any CPU
		{BD8AA37F-CF60-46DA-AAC0-256584EC199E}.Debug|x64.ActiveCfg = Debug|Any CPU
		{BD8AA37F-CF60-46DA-AAC0-256584EC199E}.Debug|x64.Build.0 = Debug|Any CPU
		{BD8AA37F-CF60-46DA-AAC0-256584EC199E}.Debug|x86.ActiveCfg = Debug|Any CPU
		{BD8AA37F-CF60-46DA-AAC0-256584EC199E}.Debug|x86.Build.0 = Debug|Any CPU
		{BD8AA37F-CF60-46DA-AAC0-256584EC199E}.Release|Any CPU.ActiveCfg = Release|Any CPU
		{BD8AA37F-CF60-46DA-AAC0-256584EC199E}.Release|Any CPU.Build.0 = Release|Any CPU
		{BD8AA37F-CF60-46DA-AAC0-256584EC199E}.Release|ARM.ActiveCfg = Release|Any CPU
		{BD8AA37F-CF60-46DA-AAC0-256584EC199E}.Release|ARM.Build.0 = Release|Any CPU
		{BD8AA37F-CF60-46DA-AAC0-256584EC199E}.Release|ARM64.ActiveCfg = Release|Any CPU
		{BD8AA37F-CF60-46DA-AAC0-256584EC199E}.Release|ARM64.Build.0 = Release|Any CPU
		{BD8AA37F-CF60-46DA-AAC0-256584EC199E}.Release|x64.ActiveCfg = Release|Any CPU
		{BD8AA37F-CF60-46DA-AAC0-256584EC199E}.Release|x64.Build.0 = Release|Any CPU
		{BD8AA37F-CF60-46DA-AAC0-256584EC199E}.Release|x86.ActiveCfg = Release|Any CPU
		{BD8AA37F-CF60-46DA-AAC0-256584EC199E}.Release|x86.Build.0 = Release|Any CPU
		{E0BD6CE4-3B97-4B02-B854-8B3596693B60}.Debug|Any CPU.ActiveCfg = Debug|Any CPU
		{E0BD6CE4-3B97-4B02-B854-8B3596693B60}.Debug|Any CPU.Build.0 = Debug|Any CPU
		{E0BD6CE4-3B97-4B02-B854-8B3596693B60}.Debug|Any CPU.Deploy.0 = Debug|Any CPU
		{E0BD6CE4-3B97-4B02-B854-8B3596693B60}.Debug|ARM.ActiveCfg = Debug|ARM
		{E0BD6CE4-3B97-4B02-B854-8B3596693B60}.Debug|ARM.Build.0 = Debug|ARM
		{E0BD6CE4-3B97-4B02-B854-8B3596693B60}.Debug|ARM.Deploy.0 = Debug|ARM
		{E0BD6CE4-3B97-4B02-B854-8B3596693B60}.Debug|ARM64.ActiveCfg = Debug|ARM64
		{E0BD6CE4-3B97-4B02-B854-8B3596693B60}.Debug|ARM64.Build.0 = Debug|ARM64
		{E0BD6CE4-3B97-4B02-B854-8B3596693B60}.Debug|ARM64.Deploy.0 = Debug|ARM64
		{E0BD6CE4-3B97-4B02-B854-8B3596693B60}.Debug|x64.ActiveCfg = Debug|x64
		{E0BD6CE4-3B97-4B02-B854-8B3596693B60}.Debug|x64.Build.0 = Debug|x64
		{E0BD6CE4-3B97-4B02-B854-8B3596693B60}.Debug|x64.Deploy.0 = Debug|x64
		{E0BD6CE4-3B97-4B02-B854-8B3596693B60}.Debug|x86.ActiveCfg = Debug|x86
		{E0BD6CE4-3B97-4B02-B854-8B3596693B60}.Debug|x86.Build.0 = Debug|x86
		{E0BD6CE4-3B97-4B02-B854-8B3596693B60}.Debug|x86.Deploy.0 = Debug|x86
		{E0BD6CE4-3B97-4B02-B854-8B3596693B60}.Release|Any CPU.ActiveCfg = Release|Any CPU
		{E0BD6CE4-3B97-4B02-B854-8B3596693B60}.Release|Any CPU.Build.0 = Release|Any CPU
		{E0BD6CE4-3B97-4B02-B854-8B3596693B60}.Release|Any CPU.Deploy.0 = Release|Any CPU
		{E0BD6CE4-3B97-4B02-B854-8B3596693B60}.Release|ARM.ActiveCfg = Release|ARM
		{E0BD6CE4-3B97-4B02-B854-8B3596693B60}.Release|ARM.Build.0 = Release|ARM
		{E0BD6CE4-3B97-4B02-B854-8B3596693B60}.Release|ARM.Deploy.0 = Release|ARM
		{E0BD6CE4-3B97-4B02-B854-8B3596693B60}.Release|ARM64.ActiveCfg = Release|ARM64
		{E0BD6CE4-3B97-4B02-B854-8B3596693B60}.Release|ARM64.Build.0 = Release|ARM64
		{E0BD6CE4-3B97-4B02-B854-8B3596693B60}.Release|ARM64.Deploy.0 = Release|ARM64
		{E0BD6CE4-3B97-4B02-B854-8B3596693B60}.Release|x64.ActiveCfg = Release|x64
		{E0BD6CE4-3B97-4B02-B854-8B3596693B60}.Release|x64.Build.0 = Release|x64
		{E0BD6CE4-3B97-4B02-B854-8B3596693B60}.Release|x64.Deploy.0 = Release|x64
		{E0BD6CE4-3B97-4B02-B854-8B3596693B60}.Release|x86.ActiveCfg = Release|x86
		{E0BD6CE4-3B97-4B02-B854-8B3596693B60}.Release|x86.Build.0 = Release|x86
		{E0BD6CE4-3B97-4B02-B854-8B3596693B60}.Release|x86.Deploy.0 = Release|x86
		{E1B63EC8-1C39-4D7C-B841-3E1BF35815DA}.Debug|Any CPU.ActiveCfg = Debug|Any CPU
		{E1B63EC8-1C39-4D7C-B841-3E1BF35815DA}.Debug|Any CPU.Build.0 = Debug|Any CPU
		{E1B63EC8-1C39-4D7C-B841-3E1BF35815DA}.Debug|ARM.ActiveCfg = Debug|Any CPU
		{E1B63EC8-1C39-4D7C-B841-3E1BF35815DA}.Debug|ARM.Build.0 = Debug|Any CPU
		{E1B63EC8-1C39-4D7C-B841-3E1BF35815DA}.Debug|ARM64.ActiveCfg = Debug|Any CPU
		{E1B63EC8-1C39-4D7C-B841-3E1BF35815DA}.Debug|ARM64.Build.0 = Debug|Any CPU
		{E1B63EC8-1C39-4D7C-B841-3E1BF35815DA}.Debug|x64.ActiveCfg = Debug|Any CPU
		{E1B63EC8-1C39-4D7C-B841-3E1BF35815DA}.Debug|x64.Build.0 = Debug|Any CPU
		{E1B63EC8-1C39-4D7C-B841-3E1BF35815DA}.Debug|x86.ActiveCfg = Debug|Any CPU
		{E1B63EC8-1C39-4D7C-B841-3E1BF35815DA}.Debug|x86.Build.0 = Debug|Any CPU
		{E1B63EC8-1C39-4D7C-B841-3E1BF35815DA}.Release|Any CPU.ActiveCfg = Release|Any CPU
		{E1B63EC8-1C39-4D7C-B841-3E1BF35815DA}.Release|Any CPU.Build.0 = Release|Any CPU
		{E1B63EC8-1C39-4D7C-B841-3E1BF35815DA}.Release|ARM.ActiveCfg = Release|Any CPU
		{E1B63EC8-1C39-4D7C-B841-3E1BF35815DA}.Release|ARM.Build.0 = Release|Any CPU
		{E1B63EC8-1C39-4D7C-B841-3E1BF35815DA}.Release|ARM64.ActiveCfg = Release|Any CPU
		{E1B63EC8-1C39-4D7C-B841-3E1BF35815DA}.Release|ARM64.Build.0 = Release|Any CPU
		{E1B63EC8-1C39-4D7C-B841-3E1BF35815DA}.Release|x64.ActiveCfg = Release|Any CPU
		{E1B63EC8-1C39-4D7C-B841-3E1BF35815DA}.Release|x64.Build.0 = Release|Any CPU
		{E1B63EC8-1C39-4D7C-B841-3E1BF35815DA}.Release|x86.ActiveCfg = Release|Any CPU
		{E1B63EC8-1C39-4D7C-B841-3E1BF35815DA}.Release|x86.Build.0 = Release|Any CPU
		{FB2775DD-B84B-4C9F-B0E7-68B6E165B8DF}.Debug|Any CPU.ActiveCfg = Debug|Any CPU
		{FB2775DD-B84B-4C9F-B0E7-68B6E165B8DF}.Debug|Any CPU.Build.0 = Debug|Any CPU
		{FB2775DD-B84B-4C9F-B0E7-68B6E165B8DF}.Debug|ARM.ActiveCfg = Debug|Any CPU
		{FB2775DD-B84B-4C9F-B0E7-68B6E165B8DF}.Debug|ARM.Build.0 = Debug|Any CPU
		{FB2775DD-B84B-4C9F-B0E7-68B6E165B8DF}.Debug|ARM64.ActiveCfg = Debug|Any CPU
		{FB2775DD-B84B-4C9F-B0E7-68B6E165B8DF}.Debug|ARM64.Build.0 = Debug|Any CPU
		{FB2775DD-B84B-4C9F-B0E7-68B6E165B8DF}.Debug|x64.ActiveCfg = Debug|Any CPU
		{FB2775DD-B84B-4C9F-B0E7-68B6E165B8DF}.Debug|x64.Build.0 = Debug|Any CPU
		{FB2775DD-B84B-4C9F-B0E7-68B6E165B8DF}.Debug|x86.ActiveCfg = Debug|Any CPU
		{FB2775DD-B84B-4C9F-B0E7-68B6E165B8DF}.Debug|x86.Build.0 = Debug|Any CPU
		{FB2775DD-B84B-4C9F-B0E7-68B6E165B8DF}.Release|Any CPU.ActiveCfg = Release|Any CPU
		{FB2775DD-B84B-4C9F-B0E7-68B6E165B8DF}.Release|Any CPU.Build.0 = Release|Any CPU
		{FB2775DD-B84B-4C9F-B0E7-68B6E165B8DF}.Release|ARM.ActiveCfg = Release|Any CPU
		{FB2775DD-B84B-4C9F-B0E7-68B6E165B8DF}.Release|ARM.Build.0 = Release|Any CPU
		{FB2775DD-B84B-4C9F-B0E7-68B6E165B8DF}.Release|ARM64.ActiveCfg = Release|Any CPU
		{FB2775DD-B84B-4C9F-B0E7-68B6E165B8DF}.Release|ARM64.Build.0 = Release|Any CPU
		{FB2775DD-B84B-4C9F-B0E7-68B6E165B8DF}.Release|x64.ActiveCfg = Release|Any CPU
		{FB2775DD-B84B-4C9F-B0E7-68B6E165B8DF}.Release|x64.Build.0 = Release|Any CPU
		{FB2775DD-B84B-4C9F-B0E7-68B6E165B8DF}.Release|x86.ActiveCfg = Release|Any CPU
		{FB2775DD-B84B-4C9F-B0E7-68B6E165B8DF}.Release|x86.Build.0 = Release|Any CPU
	EndGlobalSection
	GlobalSection(SolutionProperties) = preSolution
		HideSolutionNode = FALSE
	EndGlobalSection
	GlobalSection(ExtensibilityGlobals) = postSolution
		SolutionGuid = {0D08C836-A68A-44CE-ACB6-C1F6E085DD9D}
	EndGlobalSection
EndGlobal
